
Microsoft Visual Studio Solution File, Format Version 12.00
# Visual Studio Version 17
VisualStudioVersion = 17.8.34525.116
MinimumVisualStudioVersion = 10.0.40219.1
Project("{9A19103F-16F7-4668-BE54-9A1E7A4F7556}") = "BlazorGKETestApp", "BlazorGKETestApp\BlazorGKETestApp\BlazorGKETestApp.csproj", "{E4B7FCAA-8170-4CCE-8018-8811374ECFF6}"
EndProject
Project("{9A19103F-16F7-4668-BE54-9A1E7A4F7556}") = "BlazorGKETestApp.Client", "BlazorGKETestApp\BlazorGKETestApp.Client\BlazorGKETestApp.Client.csproj", "{151B51CC-962E-455B-BD9B-37CE9E5A672D}"
EndProject
Project("{2150E333-8FDC-42A3-9474-1A3956D46DE8}") = "Solution Items", "Solution Items", "{A785DF46-0938-4791-9D8E-564B3698EA1E}"
	ProjectSection(SolutionItems) = preProject
		cloudbuild.yml = cloudbuild.yml
		deliverypipelineconfig.yml = deliverypipelineconfig.yml
		deployment.yml = deployment.yml
	EndProjectSection
EndProject
Global
	GlobalSection(SolutionConfigurationPlatforms) = preSolution
		Debug|Any CPU = Debug|Any CPU
		Release|Any CPU = Release|Any CPU
	EndGlobalSection
	GlobalSection(ProjectConfigurationPlatforms) = postSolution
		{E4B7FCAA-8170-4CCE-8018-8811374ECFF6}.Debug|Any CPU.ActiveCfg = Debug|Any CPU
		{E4B7FCAA-8170-4CCE-8018-8811374ECFF6}.Debug|Any CPU.Build.0 = Debug|Any CPU
		{E4B7FCAA-8170-4CCE-8018-8811374ECFF6}.Release|Any CPU.ActiveCfg = Release|Any CPU
		{E4B7FCAA-8170-4CCE-8018-8811374ECFF6}.Release|Any CPU.Build.0 = Release|Any CPU
		{151B51CC-962E-455B-BD9B-37CE9E5A672D}.Debug|Any CPU.ActiveCfg = Debug|Any CPU
		{151B51CC-962E-455B-BD9B-37CE9E5A672D}.Debug|Any CPU.Build.0 = Debug|Any CPU
		{151B51CC-962E-455B-BD9B-37CE9E5A672D}.Release|Any CPU.ActiveCfg = Release|Any CPU
		{151B51CC-962E-455B-BD9B-37CE9E5A672D}.Release|Any CPU.Build.0 = Release|Any CPU
	EndGlobalSection
	GlobalSection(SolutionProperties) = preSolution
		HideSolutionNode = FALSE
	EndGlobalSection
	GlobalSection(ExtensibilityGlobals) = postSolution
		SolutionGuid = {60854EA6-310E-40DA-82BC-DC05D43EF890}
	EndGlobalSection
EndGlobal
